// !$*UTF8*$!
{
	archiveVersion = 1;
	classes = {
	};
	objectVersion = 46;
	objects = {

/* Begin PBXBuildFile section */
		F2F6E7B11F5469C400167F32 /* AppDelegate.swift in Sources */ = {isa = PBXBuildFile; fileRef = F2F6E7B01F5469C400167F32 /* AppDelegate.swift */; };
		F2F6E7B31F5469C400167F32 /* LocationsTableViewController.swift in Sources */ = {isa = PBXBuildFile; fileRef = F2F6E7B21F5469C400167F32 /* LocationsTableViewController.swift */; };
		F2F6E7B61F5469C400167F32 /* Main.storyboard in Resources */ = {isa = PBXBuildFile; fileRef = F2F6E7B41F5469C400167F32 /* Main.storyboard */; };
		F2F6E7B81F5469C400167F32 /* Assets.xcassets in Resources */ = {isa = PBXBuildFile; fileRef = F2F6E7B71F5469C400167F32 /* Assets.xcassets */; };
		F2F6E7BB1F5469C400167F32 /* LaunchScreen.storyboard in Resources */ = {isa = PBXBuildFile; fileRef = F2F6E7B91F5469C400167F32 /* LaunchScreen.storyboard */; };
		F2F6E7C31F56B34E00167F32 /* WikiAPI.swift in Sources */ = {isa = PBXBuildFile; fileRef = F2F6E7C21F56B34E00167F32 /* WikiAPI.swift */; };
/* End PBXBuildFile section */

/* Begin PBXFileReference section */
		F2F6E7AD1F5469C400167F32 /* SnatchDeveloperTest.app */ = {isa = PBXFileReference; explicitFileType = wrapper.application; includeInIndex = 0; path = SnatchDeveloperTest.app; sourceTree = BUILT_PRODUCTS_DIR; };
		F2F6E7B01F5469C400167F32 /* AppDelegate.swift */ = {isa = PBXFileReference; lastKnownFileType = sourcecode.swift; path = AppDelegate.swift; sourceTree = "<group>"; };
		F2F6E7B21F5469C400167F32 /* LocationsTableViewController.swift */ = {isa = PBXFileReference; lastKnownFileType = sourcecode.swift; path = LocationsTableViewController.swift; sourceTree = "<group>"; };
		F2F6E7B51F5469C400167F32 /* Base */ = {isa = PBXFileReference; lastKnownFileType = file.storyboard; name = Base; path = Base.lproj/Main.storyboard; sourceTree = "<group>"; };
		F2F6E7B71F5469C400167F32 /* Assets.xcassets */ = {isa = PBXFileReference; lastKnownFileType = folder.assetcatalog; path = Assets.xcassets; sourceTree = "<group>"; };
		F2F6E7BA1F5469C400167F32 /* Base */ = {isa = PBXFileReference; lastKnownFileType = file.storyboard; name = Base; path = Base.lproj/LaunchScreen.storyboard; sourceTree = "<group>"; };
		F2F6E7BC1F5469C400167F32 /* Info.plist */ = {isa = PBXFileReference; lastKnownFileType = text.plist.xml; path = Info.plist; sourceTree = "<group>"; };
		F2F6E7C21F56B34E00167F32 /* WikiAPI.swift */ = {isa = PBXFileReference; fileEncoding = 4; lastKnownFileType = sourcecode.swift; path = WikiAPI.swift; sourceTree = "<group>"; };
/* End PBXFileReference section */

/* Begin PBXFrameworksBuildPhase section */
		F2F6E7AA1F5469C400167F32 /* Frameworks */ = {
			isa = PBXFrameworksBuildPhase;
			buildActionMask = 2147483647;
			files = (
			);
			runOnlyForDeploymentPostprocessing = 0;
		};
/* End PBXFrameworksBuildPhase section */

/* Begin PBXGroup section */
		F2F6E7A41F5469C400167F32 = {
			isa = PBXGroup;
			children = (
				F2F6E7AF1F5469C400167F32 /* WikimediaSearch */,
				F2F6E7AE1F5469C400167F32 /* Products */,
			);
			sourceTree = "<group>";
		};
		F2F6E7AE1F5469C400167F32 /* Products */ = {
			isa = PBXGroup;
			children = (
				F2F6E7AD1F5469C400167F32 /* SnatchDeveloperTest.app */,
			);
			name = Products;
			sourceTree = "<group>";
		};
		F2F6E7AF1F5469C400167F32 /* WikimediaSearch */ = {
			isa = PBXGroup;
			children = (
				F2F6E7B01F5469C400167F32 /* AppDelegate.swift */,
				F2F6E7B21F5469C400167F32 /* LocationsTableViewController.swift */,
				F2F6E7B41F5469C400167F32 /* Main.storyboard */,
				F2F6E7B71F5469C400167F32 /* Assets.xcassets */,
				F2F6E7B91F5469C400167F32 /* LaunchScreen.storyboard */,
				F2F6E7BC1F5469C400167F32 /* Info.plist */,
				F2F6E7C21F56B34E00167F32 /* WikiAPI.swift */,
			);
			path = WikimediaSearch;
			sourceTree = "<group>";
		};
/* End PBXGroup section */

/* Begin PBXNativeTarget section */
		F2F6E7AC1F5469C400167F32 /* SnatchDeveloperTest */ = {
			isa = PBXNativeTarget;
			buildConfigurationList = F2F6E7BF1F5469C400167F32 /* Build configuration list for PBXNativeTarget "SnatchDeveloperTest" */;
			buildPhases = (
				F2F6E7A91F5469C400167F32 /* Sources */,
				F2F6E7AA1F5469C400167F32 /* Frameworks */,
				F2F6E7AB1F5469C400167F32 /* Resources */,
			);
			buildRules = (
			);
			dependencies = (
			);
			name = SnatchDeveloperTest;
			productName = SnatchDeveloperTest;
			productReference = F2F6E7AD1F5469C400167F32 /* SnatchDeveloperTest.app */;
			productType = "com.apple.product-type.application";
		};
/* End PBXNativeTarget section */

/* Begin PBXProject section */
		F2F6E7A51F5469C400167F32 /* Project object */ = {
			isa = PBXProject;
			attributes = {
				LastSwiftUpdateCheck = 0830;
				LastUpgradeCheck = 0830;
				ORGANIZATIONNAME = "Shehab Saqib";
				TargetAttributes = {
					F2F6E7AC1F5469C400167F32 = {
						CreatedOnToolsVersion = 8.3.3;
						ProvisioningStyle = Automatic;
					};
				};
			};
			buildConfigurationList = F2F6E7A81F5469C400167F32 /* Build configuration list for PBXProject "SnatchDeveloperTest" */;
			compatibilityVersion = "Xcode 3.2";
			developmentRegion = English;
			hasScannedForEncodings = 0;
			knownRegions = (
				en,
				Base,
			);
			mainGroup = F2F6E7A41F5469C400167F32;
			productRefGroup = F2F6E7AE1F5469C400167F32 /* Products */;
			projectDirPath = "";
			projectRoot = "";
			targets = (
				F2F6E7AC1F5469C400167F32 /* SnatchDeveloperTest */,
			);
		};
/* End PBXProject section */

/* Begin PBXResourcesBuildPhase section */
		F2F6E7AB1F5469C400167F32 /* Resources */ = {
			isa = PBXResourcesBuildPhase;
			buildActionMask = 2147483647;
			files = (
				F2F6E7BB1F5469C400167F32 /* LaunchScreen.storyboard in Resources */,
				F2F6E7B81F5469C400167F32 /* Assets.xcassets in Resources */,
				F2F6E7B61F5469C400167F32 /* Main.storyboard in Resources */,
			);
			runOnlyForDeploymentPostprocessing = 0;
		};
/* End PBXResourcesBuildPhase section */

/* Begin PBXSourcesBuildPhase section */
		F2F6E7A91F5469C400167F32 /* Sources */ = {
			isa = PBXSourcesBuildPhase;
			buildActionMask = 2147483647;
			files = (
				F2F6E7B31F5469C400167F32 /* LocationsTableViewController.swift in Sources */,
				F2F6E7C31F56B34E00167F32 /* WikiAPI.swift in Sources */,
				F2F6E7B11F5469C400167F32 /* AppDelegate.swift in Sources */,
			);
			runOnlyForDeploymentPostprocessing = 0;
		};
/* End PBXSourcesBuildPhase section */

/* Begin PBXVariantGroup section */
		F2F6E7B41F5469C400167F32 /* Main.storyboard */ = {
			isa = PBXVariantGroup;
			children = (
				F2F6E7B51F5469C400167F32 /* Base */,
			);
			name = Main.storyboard;
			sourceTree = "<group>";
		};
		F2F6E7B91F5469C400167F32 /* LaunchScreen.storyboard */ = {
			isa = PBXVariantGroup;
			children = (
				F2F6E7BA1F5469C400167F32 /* Base */,
			);
			name = LaunchScreen.storyboard;
			sourceTree = "<group>";
		};
/* End PBXVariantGroup section */

/* Begin XCBuildConfiguration section */
		F2F6E7BD1F5469C400167F32 /* Debug */ = {
			isa = XCBuildConfiguration;
			buildSettings = {
				ALWAYS_SEARCH_USER_PATHS = NO;
				CLANG_ANALYZER_NONNULL = YES;
				CLANG_ANALYZER_NUMBER_OBJECT_CONVERSION = YES_AGGRESSIVE;
				CLANG_CXX_LANGUAGE_STANDARD = "gnu++0x";
				CLANG_CXX_LIBRARY = "libc++";
				CLANG_ENABLE_MODULES = YES;
				CLANG_ENABLE_OBJC_ARC = YES;
				CLANG_WARN_BOOL_CONVERSION = YES;
				CLANG_WARN_CONSTANT_CONVERSION = YES;
				CLANG_WARN_DIRECT_OBJC_ISA_USAGE = YES_ERROR;
				CLANG_WARN_DOCUMENTATION_COMMENTS = YES;
				CLANG_WARN_EMPTY_BODY = YES;
				CLANG_WARN_ENUM_CONVERSION = YES;
				CLANG_WARN_INFINITE_RECURSION = YES;
				CLANG_WARN_INT_CONVERSION = YES;
				CLANG_WARN_OBJC_ROOT_CLASS = YES_ERROR;
				CLANG_WARN_SUSPICIOUS_MOVE = YES;
				CLANG_WARN_UNREACHABLE_CODE = YES;
				CLANG_WARN__DUPLICATE_METHOD_MATCH = YES;
				"CODE_SIGN_IDENTITY[sdk=iphoneos*]" = "iPhone Developer";
				COPY_PHASE_STRIP = NO;
				DEBUG_INFORMATION_FORMAT = dwarf;
				ENABLE_STRICT_OBJC_MSGSEND = YES;
				ENABLE_TESTABILITY = YES;
				GCC_C_LANGUAGE_STANDARD = gnu99;
				GCC_DYNAMIC_NO_PIC = NO;
				GCC_NO_COMMON_BLOCKS = YES;
				GCC_OPTIMIZATION_LEVEL = 0;
				GCC_PREPROCESSOR_DEFINITIONS = (
					"DEBUG=1",
					"$(inherited)",
				);
				GCC_WARN_64_TO_32_BIT_CONVERSION = YES;
				GCC_WARN_ABOUT_RETURN_TYPE = YES_ERROR;
				GCC_WARN_UNDECLARED_SELECTOR = YES;
				GCC_WARN_UNINITIALIZED_AUTOS = YES_AGGRESSIVE;
				GCC_WARN_UNUSED_FUNCTION = YES;
				GCC_WARN_UNUSED_VARIABLE = YES;
				IPHONEOS_DEPLOYMENT_TARGET = 10.3;
				MTL_ENABLE_DEBUG_INFO = YES;
				ONLY_ACTIVE_ARCH = YES;
				SDKROOT = iphoneos;
				SWIFT_ACTIVE_COMPILATION_CONDITIONS = DEBUG;
				SWIFT_OPTIMIZATION_LEVEL = "-Onone";
			};
			name = Debug;
		};
		F2F6E7BE1F5469C400167F32 /* Release */ = {
			isa = XCBuildConfiguration;
			buildSettings = {
				ALWAYS_SEARCH_USER_PATHS = NO;
				CLANG_ANALYZER_NONNULL = YES;
				CLANG_ANALYZER_NUMBER_OBJECT_CONVERSION = YES_AGGRESSIVE;
				CLANG_CXX_LANGUAGE_STANDARD = "gnu++0x";
				CLANG_CXX_LIBRARY = "libc++";
				CLANG_ENABLE_MODULES = YES;
				CLANG_ENABLE_OBJC_ARC = YES;
				CLANG_WARN_BOOL_CONVERSION = YES;
				CLANG_WARN_CONSTANT_CONVERSION = YES;
				CLANG_WARN_DIRECT_OBJC_ISA_USAGE = YES_ERROR;
				CLANG_WARN_DOCUMENTATION_COMMENTS = YES;
				CLANG_WARN_EMPTY_BODY = YES;
				CLANG_WARN_ENUM_CONVERSION = YES;
				CLANG_WARN_INFINITE_RECURSION = YES;
				CLANG_WARN_INT_CONVERSION = YES;
				CLANG_WARN_OBJC_ROOT_CLASS = YES_ERROR;
				CLANG_WARN_SUSPICIOUS_MOVE = YES;
				CLANG_WARN_UNREACHABLE_CODE = YES;
				CLANG_WARN__DUPLICATE_METHOD_MATCH = YES;
				"CODE_SIGN_IDENTITY[sdk=iphoneos*]" = "iPhone Developer";
				COPY_PHASE_STRIP = NO;
				DEBUG_INFORMATION_FORMAT = "dwarf-with-dsym";
				ENABLE_NS_ASSERTIONS = NO;
				ENABLE_STRICT_OBJC_MSGSEND = YES;
				GCC_C_LANGUAGE_STANDARD = gnu99;
				GCC_NO_COMMON_BLOCKS = YES;
				GCC_WARN_64_TO_32_BIT_CONVERSION = YES;
				GCC_WARN_ABOUT_RETURN_TYPE = YES_ERROR;
				GCC_WARN_UNDECLARED_SELECTOR = YES;
				GCC_WARN_UNINITIALIZED_AUTOS = YES_AGGRESSIVE;
				GCC_WARN_UNUSED_FUNCTION = YES;
				GCC_WARN_UNUSED_VARIABLE = YES;
				IPHONEOS_DEPLOYMENT_TARGET = 10.3;
				MTL_ENABLE_DEBUG_INFO = NO;
				SDKROOT = iphoneos;
				SWIFT_OPTIMIZATION_LEVEL = "-Owholemodule";
				VALIDATE_PRODUCT = YES;
			};
			name = Release;
		};
		F2F6E7C01F5469C400167F32 /* Debug */ = {
			isa = XCBuildConfiguration;
			buildSettings = {
				ASSETCATALOG_COMPILER_APPICON_NAME = AppIcon;
				INFOPLIST_FILE = "$(SRCROOT)/WikimediaSearch/Info.plist";
				IPHONEOS_DEPLOYMENT_TARGET = 9.0;
				LD_RUNPATH_SEARCH_PATHS = "$(inherited) @executable_path/Frameworks";
				PRODUCT_BUNDLE_IDENTIFIER = co.Test.WikimediaSearch;
				PRODUCT_NAME = "$(TARGET_NAME)";
				SWIFT_VERSION = 3.0;
			};
			name = Debug;
		};
		F2F6E7C11F5469C400167F32 /* Release */ = {
			isa = XCBuildConfiguration;
			buildSettings = {
				ASSETCATALOG_COMPILER_APPICON_NAME = AppIcon;
				INFOPLIST_FILE = "$(SRCROOT)/WikimediaSearch/Info.plist";
				IPHONEOS_DEPLOYMENT_TARGET = 9.0;
				LD_RUNPATH_SEARCH_PATHS = "$(inherited) @executable_path/Frameworks";
				PRODUCT_BUNDLE_IDENTIFIER = co.Test.WikimediaSearch;
				PRODUCT_NAME = "$(TARGET_NAME)";
				SWIFT_VERSION = 3.0;
			};
			name = Release;
		};
/* End XCBuildConfiguration section */

/* Begin XCConfigurationList section */
		F2F6E7A81F5469C400167F32 /* Build configuration list for PBXProject "SnatchDeveloperTest" */ = {
			isa = XCConfigurationList;
			buildConfigurations = (
				F2F6E7BD1F5469C400167F32 /* Debug */,
				F2F6E7BE1F5469C400167F32 /* Release */,
			);
			defaultConfigurationIsVisible = 0;
			defaultConfigurationName = Release;
		};
		F2F6E7BF1F5469C400167F32 /* Build configuration list for PBXNativeTarget "SnatchDeveloperTest" */ = {
			isa = XCConfigurationList;
			buildConfigurations = (
				F2F6E7C01F5469C400167F32 /* Debug */,
				F2F6E7C11F5469C400167F32 /* Release */,
			);
			defaultConfigurationIsVisible = 0;
			defaultConfigurationName = Release;
		};
/* End XCConfigurationList section */
	};
	rootObject = F2F6E7A51F5469C400167F32 /* Project object */;
}
